{
  "requires": true,
  "lockfileVersion": 1,
  "dependencies": {
    "axios": {
      "version": "0.24.0",
      "requires": {
        "follow-redirects": "^1.14.4"
      }
    },
    "follow-redirects": {
      "version": "1.14.5",
      "resolved": "https://registry.npmjs.org/follow-redirects/-/follow-redirects-1.14.5.tgz",
      "integrity": "sha512-wtphSXy7d4/OR+MvIFbCVBDzZ5520qV8XfPklSN5QtxuMUJZ+b0Wnst1e1lCDocfzuCkHqj8k0FpZqO+UIaKNA=="
    },
    "react-loading": {
      "version": "2.0.3",
      "resolved": "https://registry.npmjs.org/react-loading/-/react-loading-2.0.3.tgz",
      "integrity": "sha512-Vdqy79zq+bpeWJqC+xjltUjuGApyoItPgL0vgVfcJHhqwU7bAMKzysfGW/ADu6i0z0JiOCRJjo+IkFNkRNbA3A=="
    }
  }
}
